
Microsoft Visual Studio Solution File, Format Version 12.00
# Visual Studio Version 17
VisualStudioVersion = 17.2.32505.173
MinimumVisualStudioVersion = 10.0.40219.1
Project("{FAE04EC0-301F-11D3-BF4B-00C04F79EFBC}") = "date", "date\date.csproj", "{6E0AB66A-81CA-467A-A5FC-3D43CEAF478F}"
EndProject
Global
	GlobalSection(SolutionConfigurationPlatforms) = preSolution
		Debug|Any CPU = Debug|Any CPU
		Release|Any CPU = Release|Any CPU
	EndGlobalSection
	GlobalSection(ProjectConfigurationPlatforms) = postSolution
		{6E0AB66A-81CA-467A-A5FC-3D43CEAF478F}.Debug|Any CPU.ActiveCfg = Debug|Any CPU
		{6E0AB66A-81CA-467A-A5FC-3D43CEAF478F}.Debug|Any CPU.Build.0 = Debug|Any CPU
		{6E0AB66A-81CA-467A-A5FC-3D43CEAF478F}.Release|Any CPU.ActiveCfg = Release|Any CPU
		{6E0AB66A-81CA-467A-A5FC-3D43CEAF478F}.Release|Any CPU.Build.0 = Release|Any CPU
	EndGlobalSection
	GlobalSection(SolutionProperties) = preSolution
		HideSolutionNode = FALSE
	EndGlobalSection
	GlobalSection(ExtensibilityGlobals) = postSolution
		SolutionGuid = {94D7D978-9A1E-4C14-8C01-97DBE2198078}
	EndGlobalSection
EndGlobal
